// !$*UTF8*$!
{
	archiveVersion = 1;
	classes = {
	};
	objectVersion = 46;
	objects = {

/* Begin PBXBuildFile section */
		BC2312C71C3FB33C0090FE55 /* main.m in Sources */ = {isa = PBXBuildFile; fileRef = BC2312B21C3FB33C0090FE55 /* main.m */; };
		BC2312C81C3FB33C0090FE55 /* QFBussiness.m in Sources */ = {isa = PBXBuildFile; fileRef = BC2312B41C3FB33C0090FE55 /* QFBussiness.m */; };
		BC2312C91C3FB33C0090FE55 /* QFClass.m in Sources */ = {isa = PBXBuildFile; fileRef = BC2312B61C3FB33C0090FE55 /* QFClass.m */; };
		BC2312CA1C3FB33C0090FE55 /* QFController.m in Sources */ = {isa = PBXBuildFile; fileRef = BC2312B81C3FB33C0090FE55 /* QFController.m */; };
		BC2312CB1C3FB33C0090FE55 /* QFMenuItem.m in Sources */ = {isa = PBXBuildFile; fileRef = BC2312BA1C3FB33C0090FE55 /* QFMenuItem.m */; };
		BC2312CC1C3FB33C0090FE55 /* QFMenuManager.m in Sources */ = {isa = PBXBuildFile; fileRef = BC2312BC1C3FB33C0090FE55 /* QFMenuManager.m */; };
		BC2312CD1C3FB33C0090FE55 /* QFRecordPhoto.m in Sources */ = {isa = PBXBuildFile; fileRef = BC2312BE1C3FB33C0090FE55 /* QFRecordPhoto.m */; };
		BC2312CE1C3FB33C0090FE55 /* QFRecords.m in Sources */ = {isa = PBXBuildFile; fileRef = BC2312C01C3FB33C0090FE55 /* QFRecords.m */; };
		BC2312CF1C3FB33C0090FE55 /* QFStudent.m in Sources */ = {isa = PBXBuildFile; fileRef = BC2312C21C3FB33C0090FE55 /* QFStudent.m */; };
		BC2312D01C3FB33C0090FE55 /* QFTeacher.m in Sources */ = {isa = PBXBuildFile; fileRef = BC2312C41C3FB33C0090FE55 /* QFTeacher.m */; };
		BC2312D11C3FB33C0090FE55 /* QFUI.m in Sources */ = {isa = PBXBuildFile; fileRef = BC2312C61C3FB33C0090FE55 /* QFUI.m */; };
/* End PBXBuildFile section */

/* Begin PBXCopyFilesBuildPhase section */
		BC2312A61C3FB2C50090FE55 /* CopyFiles */ = {
			isa = PBXCopyFilesBuildPhase;
			buildActionMask = 2147483647;
			dstPath = /usr/share/man/man1/;
			dstSubfolderSpec = 0;
			files = (
			);
			runOnlyForDeploymentPostprocessing = 1;
		};
/* End PBXCopyFilesBuildPhase section */

/* Begin PBXFileReference section */
		BC2312A81C3FB2C50090FE55 /* 教务补充系统160108 */ = {isa = PBXFileReference; explicitFileType = "compiled.mach-o.executable"; includeInIndex = 0; path = "教务补充系统160108"; sourceTree = BUILT_PRODUCTS_DIR; };
		BC2312B21C3FB33C0090FE55 /* main.m */ = {isa = PBXFileReference; fileEncoding = 4; lastKnownFileType = sourcecode.c.objc; path = main.m; sourceTree = "<group>"; };
		BC2312B31C3FB33C0090FE55 /* QFBussiness.h */ = {isa = PBXFileReference; fileEncoding = 4; lastKnownFileType = sourcecode.c.h; path = QFBussiness.h; sourceTree = "<group>"; };
		BC2312B41C3FB33C0090FE55 /* QFBussiness.m */ = {isa = PBXFileReference; fileEncoding = 4; lastKnownFileType = sourcecode.c.objc; path = QFBussiness.m; sourceTree = "<group>"; };
		BC2312B51C3FB33C0090FE55 /* QFClass.h */ = {isa = PBXFileReference; fileEncoding = 4; lastKnownFileType = sourcecode.c.h; path = QFClass.h; sourceTree = "<group>"; };
		BC2312B61C3FB33C0090FE55 /* QFClass.m */ = {isa = PBXFileReference; fileEncoding = 4; lastKnownFileType = sourcecode.c.objc; path = QFClass.m; sourceTree = "<group>"; };
		BC2312B71C3FB33C0090FE55 /* QFController.h */ = {isa = PBXFileReference; fileEncoding = 4; lastKnownFileType = sourcecode.c.h; path = QFController.h; sourceTree = "<group>"; };
		BC2312B81C3FB33C0090FE55 /* QFController.m */ = {isa = PBXFileReference; fileEncoding = 4; lastKnownFileType = sourcecode.c.objc; path = QFController.m; sourceTree = "<group>"; };
		BC2312B91C3FB33C0090FE55 /* QFMenuItem.h */ = {isa = PBXFileReference; fileEncoding = 4; lastKnownFileType = sourcecode.c.h; path = QFMenuItem.h; sourceTree = "<group>"; };
		BC2312BA1C3FB33C0090FE55 /* QFMenuItem.m */ = {isa = PBXFileReference; fileEncoding = 4; lastKnownFileType = sourcecode.c.objc; path = QFMenuItem.m; sourceTree = "<group>"; };
		BC2312BB1C3FB33C0090FE55 /* QFMenuManager.h */ = {isa = PBXFileReference; fileEncoding = 4; lastKnownFileType = sourcecode.c.h; path = QFMenuManager.h; sourceTree = "<group>"; };
		BC2312BC1C3FB33C0090FE55 /* QFMenuManager.m */ = {isa = PBXFileReference; fileEncoding = 4; lastKnownFileType = sourcecode.c.objc; path = QFMenuManager.m; sourceTree = "<group>"; };
		BC2312BD1C3FB33C0090FE55 /* QFRecordPhoto.h */ = {isa = PBXFileReference; fileEncoding = 4; lastKnownFileType = sourcecode.c.h; path = QFRecordPhoto.h; sourceTree = "<group>"; };
		BC2312BE1C3FB33C0090FE55 /* QFRecordPhoto.m */ = {isa = PBXFileReference; fileEncoding = 4; lastKnownFileType = sourcecode.c.objc; path = QFRecordPhoto.m; sourceTree = "<group>"; };
		BC2312BF1C3FB33C0090FE55 /* QFRecords.h */ = {isa = PBXFileReference; fileEncoding = 4; lastKnownFileType = sourcecode.c.h; path = QFRecords.h; sourceTree = "<group>"; };
		BC2312C01C3FB33C0090FE55 /* QFRecords.m */ = {isa = PBXFileReference; fileEncoding = 4; lastKnownFileType = sourcecode.c.objc; path = QFRecords.m; sourceTree = "<group>"; };
		BC2312C11C3FB33C0090FE55 /* QFStudent.h */ = {isa = PBXFileReference; fileEncoding = 4; lastKnownFileType = sourcecode.c.h; path = QFStudent.h; sourceTree = "<group>"; };
		BC2312C21C3FB33C0090FE55 /* QFStudent.m */ = {isa = PBXFileReference; fileEncoding = 4; lastKnownFileType = sourcecode.c.objc; path = QFStudent.m; sourceTree = "<group>"; };
		BC2312C31C3FB33C0090FE55 /* QFTeacher.h */ = {isa = PBXFileReference; fileEncoding = 4; lastKnownFileType = sourcecode.c.h; path = QFTeacher.h; sourceTree = "<group>"; };
		BC2312C41C3FB33C0090FE55 /* QFTeacher.m */ = {isa = PBXFileReference; fileEncoding = 4; lastKnownFileType = sourcecode.c.objc; path = QFTeacher.m; sourceTree = "<group>"; };
		BC2312C51C3FB33C0090FE55 /* QFUI.h */ = {isa = PBXFileReference; fileEncoding = 4; lastKnownFileType = sourcecode.c.h; path = QFUI.h; sourceTree = "<group>"; };
		BC2312C61C3FB33C0090FE55 /* QFUI.m */ = {isa = PBXFileReference; fileEncoding = 4; lastKnownFileType = sourcecode.c.objc; path = QFUI.m; sourceTree = "<group>"; };
/* End PBXFileReference section */

/* Begin PBXFrameworksBuildPhase section */
		BC2312A51C3FB2C50090FE55 /* Frameworks */ = {
			isa = PBXFrameworksBuildPhase;
			buildActionMask = 2147483647;
			files = (
			);
			runOnlyForDeploymentPostprocessing = 0;
		};
/* End PBXFrameworksBuildPhase section */

/* Begin PBXGroup section */
		BC23129F1C3FB2C50090FE55 = {
			isa = PBXGroup;
			children = (
				BC2312AA1C3FB2C50090FE55 /* 教务补充系统160108 */,
				BC2312A91C3FB2C50090FE55 /* Products */,
			);
			sourceTree = "<group>";
		};
		BC2312A91C3FB2C50090FE55 /* Products */ = {
			isa = PBXGroup;
			children = (
				BC2312A81C3FB2C50090FE55 /* 教务补充系统160108 */,
			);
			name = Products;
			sourceTree = "<group>";
		};
		BC2312AA1C3FB2C50090FE55 /* 教务补充系统160108 */ = {
			isa = PBXGroup;
			children = (
				BC2312D51C3FB3DE0090FE55 /* Controller */,
				BC2312D41C3FB3D10090FE55 /* BussinessModal */,
				BC2312D31C3FB3670090FE55 /* DataModal */,
				BC2312D21C3FB34D0090FE55 /* View */,
				BC2312B21C3FB33C0090FE55 /* main.m */,
			);
			path = "教务补充系统160108";
			sourceTree = "<group>";
		};
		BC2312D21C3FB34D0090FE55 /* View */ = {
			isa = PBXGroup;
			children = (
				BC2312B91C3FB33C0090FE55 /* QFMenuItem.h */,
				BC2312BA1C3FB33C0090FE55 /* QFMenuItem.m */,
				BC2312BB1C3FB33C0090FE55 /* QFMenuManager.h */,
				BC2312BC1C3FB33C0090FE55 /* QFMenuManager.m */,
				BC2312C51C3FB33C0090FE55 /* QFUI.h */,
				BC2312C61C3FB33C0090FE55 /* QFUI.m */,
			);
			name = View;
			sourceTree = "<group>";
		};
		BC2312D31C3FB3670090FE55 /* DataModal */ = {
			isa = PBXGroup;
			children = (
				BC2312BD1C3FB33C0090FE55 /* QFRecordPhoto.h */,
				BC2312BE1C3FB33C0090FE55 /* QFRecordPhoto.m */,
				BC2312BF1C3FB33C0090FE55 /* QFRecords.h */,
				BC2312C01C3FB33C0090FE55 /* QFRecords.m */,
				BC2312C11C3FB33C0090FE55 /* QFStudent.h */,
				BC2312C21C3FB33C0090FE55 /* QFStudent.m */,
				BC2312C31C3FB33C0090FE55 /* QFTeacher.h */,
				BC2312C41C3FB33C0090FE55 /* QFTeacher.m */,
				BC2312B51C3FB33C0090FE55 /* QFClass.h */,
				BC2312B61C3FB33C0090FE55 /* QFClass.m */,
			);
			name = DataModal;
			sourceTree = "<group>";
		};
		BC2312D41C3FB3D10090FE55 /* BussinessModal */ = {
			isa = PBXGroup;
			children = (
				BC2312B31C3FB33C0090FE55 /* QFBussiness.h */,
				BC2312B41C3FB33C0090FE55 /* QFBussiness.m */,
			);
			name = BussinessModal;
			sourceTree = "<group>";
		};
		BC2312D51C3FB3DE0090FE55 /* Controller */ = {
			isa = PBXGroup;
			children = (
				BC2312B71C3FB33C0090FE55 /* QFController.h */,
				BC2312B81C3FB33C0090FE55 /* QFController.m */,
			);
			name = Controller;
			sourceTree = "<group>";
		};
/* End PBXGroup section */

/* Begin PBXNativeTarget section */
		BC2312A71C3FB2C50090FE55 /* 教务补充系统160108 */ = {
			isa = PBXNativeTarget;
			buildConfigurationList = BC2312AF1C3FB2C50090FE55 /* Build configuration list for PBXNativeTarget "教务补充系统160108" */;
			buildPhases = (
				BC2312A41C3FB2C50090FE55 /* Sources */,
				BC2312A51C3FB2C50090FE55 /* Frameworks */,
				BC2312A61C3FB2C50090FE55 /* CopyFiles */,
			);
			buildRules = (
			);
			dependencies = (
			);
			name = "教务补充系统160108";
			productName = "教务补充系统160108";
			productReference = BC2312A81C3FB2C50090FE55 /* 教务补充系统160108 */;
			productType = "com.apple.product-type.tool";
		};
/* End PBXNativeTarget section */

/* Begin PBXProject section */
		BC2312A01C3FB2C50090FE55 /* Project object */ = {
			isa = PBXProject;
			attributes = {
				LastUpgradeCheck = 0630;
				ORGANIZATIONNAME = qianfeng;
				TargetAttributes = {
					BC2312A71C3FB2C50090FE55 = {
						CreatedOnToolsVersion = 6.3;
					};
				};
			};
			buildConfigurationList = BC2312A31C3FB2C50090FE55 /* Build configuration list for PBXProject "教务补充系统160108" */;
			compatibilityVersion = "Xcode 3.2";
			developmentRegion = English;
			hasScannedForEncodings = 0;
			knownRegions = (
				en,
			);
			mainGroup = BC23129F1C3FB2C50090FE55;
			productRefGroup = BC2312A91C3FB2C50090FE55 /* Products */;
			projectDirPath = "";
			projectRoot = "";
			targets = (
				BC2312A71C3FB2C50090FE55 /* 教务补充系统160108 */,
			);
		};
/* End PBXProject section */

/* Begin PBXSourcesBuildPhase section */
		BC2312A41C3FB2C50090FE55 /* Sources */ = {
			isa = PBXSourcesBuildPhase;
			buildActionMask = 2147483647;
			files = (
				BC2312CB1C3FB33C0090FE55 /* QFMenuItem.m in Sources */,
				BC2312CA1C3FB33C0090FE55 /* QFController.m in Sources */,
				BC2312C81C3FB33C0090FE55 /* QFBussiness.m in Sources */,
				BC2312C71C3FB33C0090FE55 /* main.m in Sources */,
				BC2312C91C3FB33C0090FE55 /* QFClass.m in Sources */,
				BC2312CD1C3FB33C0090FE55 /* QFRecordPhoto.m in Sources */,
				BC2312CC1C3FB33C0090FE55 /* QFMenuManager.m in Sources */,
				BC2312CF1C3FB33C0090FE55 /* QFStudent.m in Sources */,
				BC2312CE1C3FB33C0090FE55 /* QFRecords.m in Sources */,
				BC2312D01C3FB33C0090FE55 /* QFTeacher.m in Sources */,
				BC2312D11C3FB33C0090FE55 /* QFUI.m in Sources */,
			);
			runOnlyForDeploymentPostprocessing = 0;
		};
/* End PBXSourcesBuildPhase section */

/* Begin XCBuildConfiguration section */
		BC2312AD1C3FB2C50090FE55 /* Debug */ = {
			isa = XCBuildConfiguration;
			buildSettings = {
				ALWAYS_SEARCH_USER_PATHS = NO;
				CLANG_CXX_LANGUAGE_STANDARD = "gnu++0x";
				CLANG_CXX_LIBRARY = "libc++";
				CLANG_ENABLE_MODULES = YES;
				CLANG_ENABLE_OBJC_ARC = YES;
				CLANG_WARN_BOOL_CONVERSION = YES;
				CLANG_WARN_CONSTANT_CONVERSION = YES;
				CLANG_WARN_DIRECT_OBJC_ISA_USAGE = YES_ERROR;
				CLANG_WARN_EMPTY_BODY = YES;
				CLANG_WARN_ENUM_CONVERSION = YES;
				CLANG_WARN_INT_CONVERSION = YES;
				CLANG_WARN_OBJC_ROOT_CLASS = YES_ERROR;
				CLANG_WARN_UNREACHABLE_CODE = YES;
				CLANG_WARN__DUPLICATE_METHOD_MATCH = YES;
				COPY_PHASE_STRIP = NO;
				DEBUG_INFORMATION_FORMAT = dwarf;
				ENABLE_STRICT_OBJC_MSGSEND = YES;
				GCC_C_LANGUAGE_STANDARD = gnu99;
				GCC_DYNAMIC_NO_PIC = NO;
				GCC_NO_COMMON_BLOCKS = YES;
				GCC_OPTIMIZATION_LEVEL = 0;
				GCC_PREPROCESSOR_DEFINITIONS = (
					"DEBUG=1",
					"$(inherited)",
				);
				GCC_SYMBOLS_PRIVATE_EXTERN = NO;
				GCC_WARN_64_TO_32_BIT_CONVERSION = YES;
				GCC_WARN_ABOUT_RETURN_TYPE = YES_ERROR;
				GCC_WARN_UNDECLARED_SELECTOR = YES;
				GCC_WARN_UNINITIALIZED_AUTOS = YES_AGGRESSIVE;
				GCC_WARN_UNUSED_FUNCTION = YES;
				GCC_WARN_UNUSED_VARIABLE = YES;
				MACOSX_DEPLOYMENT_TARGET = 10.10;
				MTL_ENABLE_DEBUG_INFO = YES;
				ONLY_ACTIVE_ARCH = YES;
				SDKROOT = macosx;
			};
			name = Debug;
		};
		BC2312AE1C3FB2C50090FE55 /* Release */ = {
			isa = XCBuildConfiguration;
			buildSettings = {
				ALWAYS_SEARCH_USER_PATHS = NO;
				CLANG_CXX_LANGUAGE_STANDARD = "gnu++0x";
				CLANG_CXX_LIBRARY = "libc++";
				CLANG_ENABLE_MODULES = YES;
				CLANG_ENABLE_OBJC_ARC = YES;
				CLANG_WARN_BOOL_CONVERSION = YES;
				CLANG_WARN_CONSTANT_CONVERSION = YES;
				CLANG_WARN_DIRECT_OBJC_ISA_USAGE = YES_ERROR;
				CLANG_WARN_EMPTY_BODY = YES;
				CLANG_WARN_ENUM_CONVERSION = YES;
				CLANG_WARN_INT_CONVERSION = YES;
				CLANG_WARN_OBJC_ROOT_CLASS = YES_ERROR;
				CLANG_WARN_UNREACHABLE_CODE = YES;
				CLANG_WARN__DUPLICATE_METHOD_MATCH = YES;
				COPY_PHASE_STRIP = NO;
				DEBUG_INFORMATION_FORMAT = "dwarf-with-dsym";
				ENABLE_NS_ASSERTIONS = NO;
				ENABLE_STRICT_OBJC_MSGSEND = YES;
				GCC_C_LANGUAGE_STANDARD = gnu99;
				GCC_NO_COMMON_BLOCKS = YES;
				GCC_WARN_64_TO_32_BIT_CONVERSION = YES;
				GCC_WARN_ABOUT_RETURN_TYPE = YES_ERROR;
				GCC_WARN_UNDECLARED_SELECTOR = YES;
				GCC_WARN_UNINITIALIZED_AUTOS = YES_AGGRESSIVE;
				GCC_WARN_UNUSED_FUNCTION = YES;
				GCC_WARN_UNUSED_VARIABLE = YES;
				MACOSX_DEPLOYMENT_TARGET = 10.10;
				MTL_ENABLE_DEBUG_INFO = NO;
				SDKROOT = macosx;
			};
			name = Release;
		};
		BC2312B01C3FB2C50090FE55 /* Debug */ = {
			isa = XCBuildConfiguration;
			buildSettings = {
				PRODUCT_NAME = "$(TARGET_NAME)";
			};
			name = Debug;
		};
		BC2312B11C3FB2C50090FE55 /* Release */ = {
			isa = XCBuildConfiguration;
			buildSettings = {
				PRODUCT_NAME = "$(TARGET_NAME)";
			};
			name = Release;
		};
/* End XCBuildConfiguration section */

/* Begin XCConfigurationList section */
		BC2312A31C3FB2C50090FE55 /* Build configuration list for PBXProject "教务补充系统160108" */ = {
			isa = XCConfigurationList;
			buildConfigurations = (
				BC2312AD1C3FB2C50090FE55 /* Debug */,
				BC2312AE1C3FB2C50090FE55 /* Release */,
			);
			defaultConfigurationIsVisible = 0;
			defaultConfigurationName = Release;
		};
		BC2312AF1C3FB2C50090FE55 /* Build configuration list for PBXNativeTarget "教务补充系统160108" */ = {
			isa = XCConfigurationList;
			buildConfigurations = (
				BC2312B01C3FB2C50090FE55 /* Debug */,
				BC2312B11C3FB2C50090FE55 /* Release */,
			);
			defaultConfigurationIsVisible = 0;
		};
/* End XCConfigurationList section */
	};
	rootObject = BC2312A01C3FB2C50090FE55 /* Project object */;
}
